
Microsoft Visual Studio Solution File, Format Version 12.00
# Visual Studio Version 17
VisualStudioVersion = 17.6.33829.357
MinimumVisualStudioVersion = 10.0.40219.1
Project("{9A19103F-16F7-4668-BE54-9A1E7A4F7556}") = "mvc.API", "mvc.API\mvc.API.csproj", "{406C7696-947D-44ED-8DF1-30C477BF6134}"
EndProject
Global
	GlobalSection(SolutionConfigurationPlatforms) = preSolution
		Debug|Any CPU = Debug|Any CPU
		Release|Any CPU = Release|Any CPU
	EndGlobalSection
	GlobalSection(ProjectConfigurationPlatforms) = postSolution
		{406C7696-947D-44ED-8DF1-30C477BF6134}.Debug|Any CPU.ActiveCfg = Debug|Any CPU
		{406C7696-947D-44ED-8DF1-30C477BF6134}.Debug|Any CPU.Build.0 = Debug|Any CPU
		{406C7696-947D-44ED-8DF1-30C477BF6134}.Release|Any CPU.ActiveCfg = Release|Any CPU
		{406C7696-947D-44ED-8DF1-30C477BF6134}.Release|Any CPU.Build.0 = Release|Any CPU
	EndGlobalSection
	GlobalSection(SolutionProperties) = preSolution
		HideSolutionNode = FALSE
	EndGlobalSection
	GlobalSection(ExtensibilityGlobals) = postSolution
		SolutionGuid = {C93ABF54-62B0-4A1D-BDD8-A03B7AD0C65E}
	EndGlobalSection
EndGlobal
